
Microsoft Visual Studio Solution File, Format Version 12.00
# Visual Studio Version 16
VisualStudioVersion = 16.0.29806.167
MinimumVisualStudioVersion = 10.0.40219.1
Project("{8BC9CEB8-8B4A-11D0-8D11-00A0C91BC942}") = "Coding_Problem", "Coding_Problem\Coding_Problem.vcxproj", "{9C6397F3-A5A9-4507-AC95-AEEA3477D835}"
EndProject
Project("{8BC9CEB8-8B4A-11D0-8D11-00A0C91BC942}") = "Database_Implement", "Database_Implement\Database_Implement.vcxproj", "{C9629298-BF9A-4B1B-BBBE-A9D91F9A85D8}"
EndProject
Project("{FAE04EC0-301F-11D3-BF4B-00C04F79EFBC}") = "Csharp_Implement", "Csharp_Implement\Csharp_Implement.csproj", "{D91C2268-5691-4376-9BCB-66E071EB1C98}"
EndProject
Project("{888888A0-9F3D-457C-B088-3A5042F75D52}") = "Python_Prac_Coding_Problem", "Python_Prac_Coding_Problem\Python_Prac_Coding_Problem.pyproj", "{B8F147B7-3985-4088-B6E5-1905A82151EA}"
EndProject
Global
	GlobalSection(SolutionConfigurationPlatforms) = preSolution
		Debug|Any CPU = Debug|Any CPU
		Debug|x64 = Debug|x64
		Debug|x86 = Debug|x86
		Release|Any CPU = Release|Any CPU
		Release|x64 = Release|x64
		Release|x86 = Release|x86
	EndGlobalSection
	GlobalSection(ProjectConfigurationPlatforms) = postSolution
		{9C6397F3-A5A9-4507-AC95-AEEA3477D835}.Debug|Any CPU.ActiveCfg = Debug|Win32
		{9C6397F3-A5A9-4507-AC95-AEEA3477D835}.Debug|Any CPU.Build.0 = Debug|Win32
		{9C6397F3-A5A9-4507-AC95-AEEA3477D835}.Debug|x64.ActiveCfg = Debug|x64
		{9C6397F3-A5A9-4507-AC95-AEEA3477D835}.Debug|x64.Build.0 = Debug|x64
		{9C6397F3-A5A9-4507-AC95-AEEA3477D835}.Debug|x86.ActiveCfg = Debug|Win32
		{9C6397F3-A5A9-4507-AC95-AEEA3477D835}.Debug|x86.Build.0 = Debug|Win32
		{9C6397F3-A5A9-4507-AC95-AEEA3477D835}.Release|Any CPU.ActiveCfg = Release|Win32
		{9C6397F3-A5A9-4507-AC95-AEEA3477D835}.Release|x64.ActiveCfg = Release|x64
		{9C6397F3-A5A9-4507-AC95-AEEA3477D835}.Release|x64.Build.0 = Release|x64
		{9C6397F3-A5A9-4507-AC95-AEEA3477D835}.Release|x86.ActiveCfg = Release|Win32
		{9C6397F3-A5A9-4507-AC95-AEEA3477D835}.Release|x86.Build.0 = Release|Win32
		{C9629298-BF9A-4B1B-BBBE-A9D91F9A85D8}.Debug|Any CPU.ActiveCfg = Debug|Win32
		{C9629298-BF9A-4B1B-BBBE-A9D91F9A85D8}.Debug|Any CPU.Build.0 = Debug|Win32
		{C9629298-BF9A-4B1B-BBBE-A9D91F9A85D8}.Debug|x64.ActiveCfg = Debug|x64
		{C9629298-BF9A-4B1B-BBBE-A9D91F9A85D8}.Debug|x64.Build.0 = Debug|x64
		{C9629298-BF9A-4B1B-BBBE-A9D91F9A85D8}.Debug|x86.ActiveCfg = Debug|Win32
		{C9629298-BF9A-4B1B-BBBE-A9D91F9A85D8}.Debug|x86.Build.0 = Debug|Win32
		{C9629298-BF9A-4B1B-BBBE-A9D91F9A85D8}.Release|Any CPU.ActiveCfg = Release|Win32
		{C9629298-BF9A-4B1B-BBBE-A9D91F9A85D8}.Release|x64.ActiveCfg = Release|x64
		{C9629298-BF9A-4B1B-BBBE-A9D91F9A85D8}.Release|x64.Build.0 = Release|x64
		{C9629298-BF9A-4B1B-BBBE-A9D91F9A85D8}.Release|x86.ActiveCfg = Release|Win32
		{C9629298-BF9A-4B1B-BBBE-A9D91F9A85D8}.Release|x86.Build.0 = Release|Win32
		{D91C2268-5691-4376-9BCB-66E071EB1C98}.Debug|Any CPU.ActiveCfg = Debug|Any CPU
		{D91C2268-5691-4376-9BCB-66E071EB1C98}.Debug|Any CPU.Build.0 = Debug|Any CPU
		{D91C2268-5691-4376-9BCB-66E071EB1C98}.Debug|x64.ActiveCfg = Debug|Any CPU
		{D91C2268-5691-4376-9BCB-66E071EB1C98}.Debug|x64.Build.0 = Debug|Any CPU
		{D91C2268-5691-4376-9BCB-66E071EB1C98}.Debug|x86.ActiveCfg = Debug|Any CPU
		{D91C2268-5691-4376-9BCB-66E071EB1C98}.Debug|x86.Build.0 = Debug|Any CPU
		{D91C2268-5691-4376-9BCB-66E071EB1C98}.Release|Any CPU.ActiveCfg = Release|Any CPU
		{D91C2268-5691-4376-9BCB-66E071EB1C98}.Release|Any CPU.Build.0 = Release|Any CPU
		{D91C2268-5691-4376-9BCB-66E071EB1C98}.Release|x64.ActiveCfg = Release|Any CPU
		{D91C2268-5691-4376-9BCB-66E071EB1C98}.Release|x64.Build.0 = Release|Any CPU
		{D91C2268-5691-4376-9BCB-66E071EB1C98}.Release|x86.ActiveCfg = Release|Any CPU
		{D91C2268-5691-4376-9BCB-66E071EB1C98}.Release|x86.Build.0 = Release|Any CPU
		{B8F147B7-3985-4088-B6E5-1905A82151EA}.Debug|Any CPU.ActiveCfg = Debug|Any CPU
		{B8F147B7-3985-4088-B6E5-1905A82151EA}.Debug|x64.ActiveCfg = Debug|Any CPU
		{B8F147B7-3985-4088-B6E5-1905A82151EA}.Debug|x86.ActiveCfg = Debug|Any CPU
		{B8F147B7-3985-4088-B6E5-1905A82151EA}.Release|Any CPU.ActiveCfg = Release|Any CPU
		{B8F147B7-3985-4088-B6E5-1905A82151EA}.Release|x64.ActiveCfg = Release|Any CPU
		{B8F147B7-3985-4088-B6E5-1905A82151EA}.Release|x86.ActiveCfg = Release|Any CPU
	EndGlobalSection
	GlobalSection(SolutionProperties) = preSolution
		HideSolutionNode = FALSE
	EndGlobalSection
	GlobalSection(ExtensibilityGlobals) = postSolution
		SolutionGuid = {998FFBD9-90C3-4AE2-A04B-9FDE3DDEC398}
	EndGlobalSection
EndGlobal
